PODS:
  - Action (3.5.0):
    - RxCocoa (~> 4.0)
    - RxSwift (~> 4.0)
  - Alamofire (4.7.2)
  - Differentiator (3.0.2)
  - Kingfisher (4.8.0)
  - Moya (11.0.2):
    - Moya/Core (= 11.0.2)
  - Moya-ObjectMapper/Core (2.6):
    - Moya (~> 11)
    - ObjectMapper (~> 3.2)
  - Moya-ObjectMapper/RxSwift (2.6):
    - Moya-ObjectMapper/Core
    - RxSwift (~> 4.1)
  - Moya/Core (11.0.2):
    - Alamofire (~> 4.1)
    - Result (~> 3.0)
  - Moya/RxSwift (11.0.2):
    - Moya/Core
    - RxSwift (~> 4.0)
  - ObjectMapper (3.2.0)
  - "ObjectMapper+Realm (0.6)":
    - ObjectMapper
    - RealmSwift
  - Realm (3.7.0):
    - Realm/Headers (= 3.7.0)
  - Realm/Headers (3.7.0)
  - RealmSwift (3.7.0):
    - Realm (= 3.7.0)
  - Result (3.2.4)
  - RxCocoa (4.1.2):
    - RxSwift (~> 4.0)
  - RxDataSources (3.0.2):
    - Differentiator (~> 3.0)
    - RxCocoa (~> 4.0)
    - RxSwift (~> 4.0)
  - RxSwift (4.1.2)
  - SnapKit (4.0.0)

DEPENDENCIES:
  - Action
  - Kingfisher (~> 4.0)
  - Moya
  - Moya-ObjectMapper/RxSwift
  - Moya/RxSwift
  - ObjectMapper
  - "ObjectMapper+Realm"
  - RealmSwift
  - RxCocoa
  - RxDataSources
  - RxSwift
  - SnapKit (~> 4.0.0)

SPEC REPOS:
  https://github.com/cocoapods/specs.git:
    - Action
    - Alamofire
    - Differentiator
    - Kingfisher
    - Moya
    - Moya-ObjectMapper
    - ObjectMapper
    - "ObjectMapper+Realm"
    - Realm
    - RealmSwift
    - Result
    - RxCocoa
    - RxDataSources
    - RxSwift
    - SnapKit

SPEC CHECKSUMS:
  Action: d60087ebce41b969d1afdad01e2fa1372a82f26e
  Alamofire: e4fa87002c137ba2d8d634d2c51fabcda0d5c223
  Differentiator: a87be69eba49ec4ab460c7671143ee3a9eececfd
  Kingfisher: 976d828df2b24834c6a3f2fc4d82cdbd26552be1
  Moya: a725035953bc1c0eb1be505ab903984501d82440
  Moya-ObjectMapper: cc9ff0e0df0c2db26f144c3aaffc78f4feb0983c
  ObjectMapper: 5cccd2de6f253eda859df8116a5a554d9769e859
  "ObjectMapper+Realm": 4cf44ed3202a73f08594e21e13eb3f8aa9b5a664
  Realm: 4998c6ced1ea15b3792f273b18f8e6faaf935b5c
  RealmSwift: 7dc2ab780b9742a1fc7469b2e4776b9773e2e825
  Result: d2d07204ce72856f1fd9130bbe42c35a7b0fea10
  RxCocoa: d88ba0f1f6abf040011a9eb4b539324fc426843a
  RxDataSources: cb7c31e652a87ebb919da45f716bbb87b3765f6b
  RxSwift: e49536837d9901277638493ea537394d4b55f570
  SnapKit: a42d492c16e80209130a3379f73596c3454b7694

PODFILE CHECKSUM: 5e7623d024d6da89d989746ac152426391ac6753

COCOAPODS: 1.5.3
